
Microsoft Visual Studio Solution File, Format Version 12.00
# Visual Studio Version 17
VisualStudioVersion = 17.7.34024.191
MinimumVisualStudioVersion = 10.0.40219.1
Project("{9A19103F-16F7-4668-BE54-9A1E7A4F7556}") = "BaiTap1", "BaiTap1\BaiTap1.csproj", "{BA5A572E-DCD1-4F28-962F-AA1F9B7CC14F}"
EndProject
Project("{9A19103F-16F7-4668-BE54-9A1E7A4F7556}") = "BaiTap2,BaiTap3", "BaiTap2\BaiTap2,BaiTap3.csproj", "{1A955FCE-4ABB-4558-9D9C-48A42932DCA8}"
EndProject
Project("{9A19103F-16F7-4668-BE54-9A1E7A4F7556}") = "BaiTap4.DSLKDon", "DSLKDon\BaiTap4.DSLKDon.csproj", "{3096C6F3-E91E-48EF-ABFE-668D08EBD840}"
EndProject
Project("{9A19103F-16F7-4668-BE54-9A1E7A4F7556}") = "IntStack", "IntStack\IntStack.csproj", "{B975D239-266F-4E70-9633-7DE577F1B7C4}"
EndProject
Project("{9A19103F-16F7-4668-BE54-9A1E7A4F7556}") = "IntQueue", "IntQueue\IntQueue.csproj", "{93EADC16-D4F5-45A0-B926-3C545A4E0B3B}"
EndProject
Project("{9A19103F-16F7-4668-BE54-9A1E7A4F7556}") = "IntBST", "IntBST\IntBST.csproj", "{A6667F55-D50D-42BA-80AC-1328177E1574}"
EndProject
Project("{FAE04EC0-301F-11D3-BF4B-00C04F79EFBC}") = "IntAVL", "IntAVL\IntAVL.csproj", "{4CE17E6B-0998-47EA-BAB6-041CB4B7E675}"
EndProject
Global
	GlobalSection(SolutionConfigurationPlatforms) = preSolution
		Debug|Any CPU = Debug|Any CPU
		Release|Any CPU = Release|Any CPU
	EndGlobalSection
	GlobalSection(ProjectConfigurationPlatforms) = postSolution
		{BA5A572E-DCD1-4F28-962F-AA1F9B7CC14F}.Debug|Any CPU.ActiveCfg = Debug|Any CPU
		{BA5A572E-DCD1-4F28-962F-AA1F9B7CC14F}.Debug|Any CPU.Build.0 = Debug|Any CPU
		{BA5A572E-DCD1-4F28-962F-AA1F9B7CC14F}.Release|Any CPU.ActiveCfg = Release|Any CPU
		{BA5A572E-DCD1-4F28-962F-AA1F9B7CC14F}.Release|Any CPU.Build.0 = Release|Any CPU
		{1A955FCE-4ABB-4558-9D9C-48A42932DCA8}.Debug|Any CPU.ActiveCfg = Debug|Any CPU
		{1A955FCE-4ABB-4558-9D9C-48A42932DCA8}.Debug|Any CPU.Build.0 = Debug|Any CPU
		{1A955FCE-4ABB-4558-9D9C-48A42932DCA8}.Release|Any CPU.ActiveCfg = Release|Any CPU
		{1A955FCE-4ABB-4558-9D9C-48A42932DCA8}.Release|Any CPU.Build.0 = Release|Any CPU
		{3096C6F3-E91E-48EF-ABFE-668D08EBD840}.Debug|Any CPU.ActiveCfg = Debug|Any CPU
		{3096C6F3-E91E-48EF-ABFE-668D08EBD840}.Debug|Any CPU.Build.0 = Debug|Any CPU
		{3096C6F3-E91E-48EF-ABFE-668D08EBD840}.Release|Any CPU.ActiveCfg = Release|Any CPU
		{3096C6F3-E91E-48EF-ABFE-668D08EBD840}.Release|Any CPU.Build.0 = Release|Any CPU
		{B975D239-266F-4E70-9633-7DE577F1B7C4}.Debug|Any CPU.ActiveCfg = Debug|Any CPU
		{B975D239-266F-4E70-9633-7DE577F1B7C4}.Debug|Any CPU.Build.0 = Debug|Any CPU
		{B975D239-266F-4E70-9633-7DE577F1B7C4}.Release|Any CPU.ActiveCfg = Release|Any CPU
		{B975D239-266F-4E70-9633-7DE577F1B7C4}.Release|Any CPU.Build.0 = Release|Any CPU
		{93EADC16-D4F5-45A0-B926-3C545A4E0B3B}.Debug|Any CPU.ActiveCfg = Debug|Any CPU
		{93EADC16-D4F5-45A0-B926-3C545A4E0B3B}.Debug|Any CPU.Build.0 = Debug|Any CPU
		{93EADC16-D4F5-45A0-B926-3C545A4E0B3B}.Release|Any CPU.ActiveCfg = Release|Any CPU
		{93EADC16-D4F5-45A0-B926-3C545A4E0B3B}.Release|Any CPU.Build.0 = Release|Any CPU
		{A6667F55-D50D-42BA-80AC-1328177E1574}.Debug|Any CPU.ActiveCfg = Debug|Any CPU
		{A6667F55-D50D-42BA-80AC-1328177E1574}.Debug|Any CPU.Build.0 = Debug|Any CPU
		{A6667F55-D50D-42BA-80AC-1328177E1574}.Release|Any CPU.ActiveCfg = Release|Any CPU
		{A6667F55-D50D-42BA-80AC-1328177E1574}.Release|Any CPU.Build.0 = Release|Any CPU
		{4CE17E6B-0998-47EA-BAB6-041CB4B7E675}.Debug|Any CPU.ActiveCfg = Debug|Any CPU
		{4CE17E6B-0998-47EA-BAB6-041CB4B7E675}.Debug|Any CPU.Build.0 = Debug|Any CPU
		{4CE17E6B-0998-47EA-BAB6-041CB4B7E675}.Release|Any CPU.ActiveCfg = Release|Any CPU
		{4CE17E6B-0998-47EA-BAB6-041CB4B7E675}.Release|Any CPU.Build.0 = Release|Any CPU
	EndGlobalSection
	GlobalSection(SolutionProperties) = preSolution
		HideSolutionNode = FALSE
	EndGlobalSection
	GlobalSection(ExtensibilityGlobals) = postSolution
		SolutionGuid = {B947790F-6E3E-4E33-983D-58A3A797FEB4}
	EndGlobalSection
EndGlobal
